{
  "name": "examples",
  "version": "1.0.0",
  "lockfileVersion": 1,
  "requires": true,
  "dependencies": {
    "argparse": {
      "version": "1.0.10",
      "resolved": "https://registry.npmjs.org/argparse/-/argparse-1.0.10.tgz",
      "integrity": "sha512-o5Roy6tNG4SL/FOkCAN6RzjiakZS25RLYFrcMttJqbdd8BWrnA+fGz57iN5Pb06pvBGvl5gQ0B48dJlslXvoTg==",
      "requires": {
        "sprintf-js": "~1.0.2"
      }
    },
    "csv-parse": {
      "version": "4.8.2",
      "resolved": "https://registry.npmjs.org/csv-parse/-/csv-parse-4.8.2.tgz",
      "integrity": "sha512-WfYwyJepTbjS5jWAWpVskOJ8Z10231HaFw6qJhSjGrpfMPf3yuoRohlasYsP/6/3YgTQcvZpTvoUo37eaei9Fw=="
    },
    "esprima": {
      "version": "4.0.1",
      "resolved": "https://registry.npmjs.org/esprima/-/esprima-4.0.1.tgz",
      "integrity": "sha512-eGuFFw7Upda+g4p+QHvnW0RyTX/SVeJBDM/gCtMARO0cLuT2HcEKnTPvhjV6aGeqrCB/sbNop0Kszm0jsaWU4A=="
    },
    "gmc-transformer": {
      "version": "1.0.1",
      "resolved": "https://registry.npmjs.org/gmc-transformer/-/gmc-transformer-1.0.1.tgz",
      "integrity": "sha512-/8ze9H9lQ8+c/qptsTRLzkp7dOyTzgm8J+ns/Bhx9RK2UCrmK2oeqabW78kB/IS8fxtynxMRXDSZIn/+V9/gtA==",
      "requires": {
        "csv-parse": "^4.8.2",
        "js-yaml": "^3.13.1",
        "stream-transform": "^2.0.1"
      }
    },
    "js-yaml": {
      "version": "3.13.1",
      "resolved": "https://registry.npmjs.org/js-yaml/-/js-yaml-3.13.1.tgz",
      "integrity": "sha512-YfbcO7jXDdyj0DGxYVSlSeQNHbD7XPWvrVWeVUujrQEoZzWJIRrCPoyk6kL6IAjAG2IolMK4T0hNUe0HOUs5Jw==",
      "requires": {
        "argparse": "^1.0.7",
        "esprima": "^4.0.0"
      }
    },
    "mixme": {
      "version": "0.3.2",
      "resolved": "https://registry.npmjs.org/mixme/-/mixme-0.3.2.tgz",
      "integrity": "sha512-tilCZOvIhRETXJuTmxxpz8mgplF7gmFhcH05JuR/YL+JLO98gLRQ1Mk4XpYQxxbPMKupSOv+Bidw7EKv8wds1w=="
    },
    "sprintf-js": {
      "version": "1.0.3",
      "resolved": "https://registry.npmjs.org/sprintf-js/-/sprintf-js-1.0.3.tgz",
      "integrity": "sha1-BOaSb2YolTVPPdAVIDYzuFcpfiw="
    },
    "stream-transform": {
      "version": "2.0.1",
      "resolved": "https://registry.npmjs.org/stream-transform/-/stream-transform-2.0.1.tgz",
      "integrity": "sha512-GiTcO/rRvZP2R8WPwxmxCFP+Of1yIATuFAmYkvSLDfcD93X2WHiPwdgIqeFT2CvL1gyAsjQvu1nB6RDNQ5b2jw==",
      "requires": {
        "mixme": "^0.3.1"
      }
    }
  }
}
